
Microsoft Visual Studio Solution File, Format Version 11.00
# Visual Studio 2010
# SharpDevelop 5.1
Project("{FAE04EC0-301F-11D3-BF4B-00C04F79EFBC}") = "InstAccountsManagerExport", "InstAccountsManagerExport\InstAccountsManagerExport.csproj", "{D5B44D97-0575-4C79-820B-835A80920837}"
EndProject
Global
	GlobalSection(SolutionConfigurationPlatforms) = preSolution
		Debug|Any CPU = Debug|Any CPU
		Release|Any CPU = Release|Any CPU
	EndGlobalSection
	GlobalSection(ProjectConfigurationPlatforms) = postSolution
		{D5B44D97-0575-4C79-820B-835A80920837}.Debug|Any CPU.ActiveCfg = Debug|Any CPU
		{D5B44D97-0575-4C79-820B-835A80920837}.Debug|Any CPU.Build.0 = Debug|Any CPU
		{D5B44D97-0575-4C79-820B-835A80920837}.Release|Any CPU.ActiveCfg = Release|Any CPU
		{D5B44D97-0575-4C79-820B-835A80920837}.Release|Any CPU.Build.0 = Release|Any CPU
	EndGlobalSection
EndGlobal
